
Microsoft Visual Studio Solution File, Format Version 12.00
# Visual Studio Version 17
VisualStudioVersion = 17.5.2.0
MinimumVisualStudioVersion = 10.0.40219.1
Project("{2150E333-8FDC-42A3-9474-1A3956D46DE8}") = "src", "src", "{827E0CD3-B72D-47B6-A68D-7590B98EB39B}"
EndProject
Project("{FAE04EC0-301F-11D3-BF4B-00C04F79EFBC}") = "IoT.Domain", "src\IoT.Domain\IoT.Domain.csproj", "{94E4645A-B978-421B-ADC5-E76BA0F391E4}"
EndProject
Project("{FAE04EC0-301F-11D3-BF4B-00C04F79EFBC}") = "IoT.Application", "src\IoT.Application\IoT.Application.csproj", "{5C931D30-A4D3-4FC2-949D-3ECF6C4C7352}"
EndProject
Project("{FAE04EC0-301F-11D3-BF4B-00C04F79EFBC}") = "IoT.Infrastructure", "src\IoT.Infrastructure\IoT.Infrastructure.csproj", "{21AD4FAC-38FE-4B98-89E1-F696880A0C1F}"
EndProject
Project("{FAE04EC0-301F-11D3-BF4B-00C04F79EFBC}") = "IoT.API", "src\IoT.API\IoT.API.csproj", "{B5A35AA7-B86A-456C-810A-1872E731BA6A}"
EndProject
Project("{FAE04EC0-301F-11D3-BF4B-00C04F79EFBC}") = "IoT.ConsoleApp", "src\IoT.ConsoleApp\IoT.ConsoleApp.csproj", "{BDD2C9C6-E015-4AD6-996E-D2B1620AB069}"
EndProject
Global
	GlobalSection(SolutionConfigurationPlatforms) = preSolution
		Debug|Any CPU = Debug|Any CPU
		Debug|x64 = Debug|x64
		Debug|x86 = Debug|x86
		Release|Any CPU = Release|Any CPU
		Release|x64 = Release|x64
		Release|x86 = Release|x86
	EndGlobalSection
	GlobalSection(ProjectConfigurationPlatforms) = postSolution
		{94E4645A-B978-421B-ADC5-E76BA0F391E4}.Debug|Any CPU.ActiveCfg = Debug|Any CPU
		{94E4645A-B978-421B-ADC5-E76BA0F391E4}.Debug|Any CPU.Build.0 = Debug|Any CPU
		{94E4645A-B978-421B-ADC5-E76BA0F391E4}.Debug|x64.ActiveCfg = Debug|Any CPU
		{94E4645A-B978-421B-ADC5-E76BA0F391E4}.Debug|x64.Build.0 = Debug|Any CPU
		{94E4645A-B978-421B-ADC5-E76BA0F391E4}.Debug|x86.ActiveCfg = Debug|Any CPU
		{94E4645A-B978-421B-ADC5-E76BA0F391E4}.Debug|x86.Build.0 = Debug|Any CPU
		{94E4645A-B978-421B-ADC5-E76BA0F391E4}.Release|Any CPU.ActiveCfg = Release|Any CPU
		{94E4645A-B978-421B-ADC5-E76BA0F391E4}.Release|Any CPU.Build.0 = Release|Any CPU
		{94E4645A-B978-421B-ADC5-E76BA0F391E4}.Release|x64.ActiveCfg = Release|Any CPU
		{94E4645A-B978-421B-ADC5-E76BA0F391E4}.Release|x64.Build.0 = Release|Any CPU
		{94E4645A-B978-421B-ADC5-E76BA0F391E4}.Release|x86.ActiveCfg = Release|Any CPU
		{94E4645A-B978-421B-ADC5-E76BA0F391E4}.Release|x86.Build.0 = Release|Any CPU
		{5C931D30-A4D3-4FC2-949D-3ECF6C4C7352}.Debug|Any CPU.ActiveCfg = Debug|Any CPU
		{5C931D30-A4D3-4FC2-949D-3ECF6C4C7352}.Debug|Any CPU.Build.0 = Debug|Any CPU
		{5C931D30-A4D3-4FC2-949D-3ECF6C4C7352}.Debug|x64.ActiveCfg = Debug|Any CPU
		{5C931D30-A4D3-4FC2-949D-3ECF6C4C7352}.Debug|x64.Build.0 = Debug|Any CPU
		{5C931D30-A4D3-4FC2-949D-3ECF6C4C7352}.Debug|x86.ActiveCfg = Debug|Any CPU
		{5C931D30-A4D3-4FC2-949D-3ECF6C4C7352}.Debug|x86.Build.0 = Debug|Any CPU
		{5C931D30-A4D3-4FC2-949D-3ECF6C4C7352}.Release|Any CPU.ActiveCfg = Release|Any CPU
		{5C931D30-A4D3-4FC2-949D-3ECF6C4C7352}.Release|Any CPU.Build.0 = Release|Any CPU
		{5C931D30-A4D3-4FC2-949D-3ECF6C4C7352}.Release|x64.ActiveCfg = Release|Any CPU
		{5C931D30-A4D3-4FC2-949D-3ECF6C4C7352}.Release|x64.Build.0 = Release|Any CPU
		{5C931D30-A4D3-4FC2-949D-3ECF6C4C7352}.Release|x86.ActiveCfg = Release|Any CPU
		{5C931D30-A4D3-4FC2-949D-3ECF6C4C7352}.Release|x86.Build.0 = Release|Any CPU
		{21AD4FAC-38FE-4B98-89E1-F696880A0C1F}.Debug|Any CPU.ActiveCfg = Debug|Any CPU
		{21AD4FAC-38FE-4B98-89E1-F696880A0C1F}.Debug|Any CPU.Build.0 = Debug|Any CPU
		{21AD4FAC-38FE-4B98-89E1-F696880A0C1F}.Debug|x64.ActiveCfg = Debug|Any CPU
		{21AD4FAC-38FE-4B98-89E1-F696880A0C1F}.Debug|x64.Build.0 = Debug|Any CPU
		{21AD4FAC-38FE-4B98-89E1-F696880A0C1F}.Debug|x86.ActiveCfg = Debug|Any CPU
		{21AD4FAC-38FE-4B98-89E1-F696880A0C1F}.Debug|x86.Build.0 = Debug|Any CPU
		{21AD4FAC-38FE-4B98-89E1-F696880A0C1F}.Release|Any CPU.ActiveCfg = Release|Any CPU
		{21AD4FAC-38FE-4B98-89E1-F696880A0C1F}.Release|Any CPU.Build.0 = Release|Any CPU
		{21AD4FAC-38FE-4B98-89E1-F696880A0C1F}.Release|x64.ActiveCfg = Release|Any CPU
		{21AD4FAC-38FE-4B98-89E1-F696880A0C1F}.Release|x64.Build.0 = Release|Any CPU
		{21AD4FAC-38FE-4B98-89E1-F696880A0C1F}.Release|x86.ActiveCfg = Release|Any CPU
		{21AD4FAC-38FE-4B98-89E1-F696880A0C1F}.Release|x86.Build.0 = Release|Any CPU
		{B5A35AA7-B86A-456C-810A-1872E731BA6A}.Debug|Any CPU.ActiveCfg = Debug|Any CPU
		{B5A35AA7-B86A-456C-810A-1872E731BA6A}.Debug|Any CPU.Build.0 = Debug|Any CPU
		{B5A35AA7-B86A-456C-810A-1872E731BA6A}.Debug|x64.ActiveCfg = Debug|Any CPU
		{B5A35AA7-B86A-456C-810A-1872E731BA6A}.Debug|x64.Build.0 = Debug|Any CPU
		{B5A35AA7-B86A-456C-810A-1872E731BA6A}.Debug|x86.ActiveCfg = Debug|Any CPU
		{B5A35AA7-B86A-456C-810A-1872E731BA6A}.Debug|x86.Build.0 = Debug|Any CPU
		{B5A35AA7-B86A-456C-810A-1872E731BA6A}.Release|Any CPU.ActiveCfg = Release|Any CPU
		{B5A35AA7-B86A-456C-810A-1872E731BA6A}.Release|Any CPU.Build.0 = Release|Any CPU
		{B5A35AA7-B86A-456C-810A-1872E731BA6A}.Release|x64.ActiveCfg = Release|Any CPU
		{B5A35AA7-B86A-456C-810A-1872E731BA6A}.Release|x64.Build.0 = Release|Any CPU
		{B5A35AA7-B86A-456C-810A-1872E731BA6A}.Release|x86.ActiveCfg = Release|Any CPU
		{B5A35AA7-B86A-456C-810A-1872E731BA6A}.Release|x86.Build.0 = Release|Any CPU
		{BDD2C9C6-E015-4AD6-996E-D2B1620AB069}.Debug|Any CPU.ActiveCfg = Debug|Any CPU
		{BDD2C9C6-E015-4AD6-996E-D2B1620AB069}.Debug|Any CPU.Build.0 = Debug|Any CPU
		{BDD2C9C6-E015-4AD6-996E-D2B1620AB069}.Debug|x64.ActiveCfg = Debug|Any CPU
		{BDD2C9C6-E015-4AD6-996E-D2B1620AB069}.Debug|x64.Build.0 = Debug|Any CPU
		{BDD2C9C6-E015-4AD6-996E-D2B1620AB069}.Debug|x86.ActiveCfg = Debug|Any CPU
		{BDD2C9C6-E015-4AD6-996E-D2B1620AB069}.Debug|x86.Build.0 = Debug|Any CPU
		{BDD2C9C6-E015-4AD6-996E-D2B1620AB069}.Release|Any CPU.ActiveCfg = Release|Any CPU
		{BDD2C9C6-E015-4AD6-996E-D2B1620AB069}.Release|Any CPU.Build.0 = Release|Any CPU
		{BDD2C9C6-E015-4AD6-996E-D2B1620AB069}.Release|x64.ActiveCfg = Release|Any CPU
		{BDD2C9C6-E015-4AD6-996E-D2B1620AB069}.Release|x64.Build.0 = Release|Any CPU
		{BDD2C9C6-E015-4AD6-996E-D2B1620AB069}.Release|x86.ActiveCfg = Release|Any CPU
		{BDD2C9C6-E015-4AD6-996E-D2B1620AB069}.Release|x86.Build.0 = Release|Any CPU
	EndGlobalSection
	GlobalSection(SolutionProperties) = preSolution
		HideSolutionNode = FALSE
	EndGlobalSection
	GlobalSection(NestedProjects) = preSolution
		{94E4645A-B978-421B-ADC5-E76BA0F391E4} = {827E0CD3-B72D-47B6-A68D-7590B98EB39B}
		{5C931D30-A4D3-4FC2-949D-3ECF6C4C7352} = {827E0CD3-B72D-47B6-A68D-7590B98EB39B}
		{21AD4FAC-38FE-4B98-89E1-F696880A0C1F} = {827E0CD3-B72D-47B6-A68D-7590B98EB39B}
		{B5A35AA7-B86A-456C-810A-1872E731BA6A} = {827E0CD3-B72D-47B6-A68D-7590B98EB39B}
		{BDD2C9C6-E015-4AD6-996E-D2B1620AB069} = {827E0CD3-B72D-47B6-A68D-7590B98EB39B}
	EndGlobalSection
	GlobalSection(ExtensibilityGlobals) = postSolution
		SolutionGuid = {E023D8E1-5F36-42DD-9939-28E7785692FD}
	EndGlobalSection
EndGlobal
